
Microsoft Visual Studio Solution File, Format Version 12.00
# Visual Studio Version 17
VisualStudioVersion = 17.10.34928.147
MinimumVisualStudioVersion = 10.0.40219.1
Project("{FAE04EC0-301F-11D3-BF4B-00C04F79EFBC}") = "Currency-Temperature-Converter", "Currency-Temperature-Converter\Currency-Temperature-Converter.csproj", "{379F9643-44E6-4DFC-BBC9-DF807DCDB24C}"
EndProject
Global
	GlobalSection(SolutionConfigurationPlatforms) = preSolution
		Debug|Any CPU = Debug|Any CPU
		Release|Any CPU = Release|Any CPU
	EndGlobalSection
	GlobalSection(ProjectConfigurationPlatforms) = postSolution
		{379F9643-44E6-4DFC-BBC9-DF807DCDB24C}.Debug|Any CPU.ActiveCfg = Debug|Any CPU
		{379F9643-44E6-4DFC-BBC9-DF807DCDB24C}.Debug|Any CPU.Build.0 = Debug|Any CPU
		{379F9643-44E6-4DFC-BBC9-DF807DCDB24C}.Release|Any CPU.ActiveCfg = Release|Any CPU
		{379F9643-44E6-4DFC-BBC9-DF807DCDB24C}.Release|Any CPU.Build.0 = Release|Any CPU
	EndGlobalSection
	GlobalSection(SolutionProperties) = preSolution
		HideSolutionNode = FALSE
	EndGlobalSection
	GlobalSection(ExtensibilityGlobals) = postSolution
		SolutionGuid = {319801AF-7302-4405-BADE-4BFFD2B4A1CC}
	EndGlobalSection
EndGlobal
